
Microsoft Visual Studio Solution File, Format Version 12.00
# Visual Studio 15
VisualStudioVersion = 15.0.28010.2046
MinimumVisualStudioVersion = 10.0.40219.1
Project("{8BC9CEB8-8B4A-11D0-8D11-00A0C91BC942}") = "Practice0", "Practice\Practice.vcxproj", "{644EA842-3496-468B-A907-20D0301EE5A4}"
EndProject
Project("{8BC9CEB8-8B4A-11D0-8D11-00A0C91BC942}") = "Practice1", "Practice1\Practice1.vcxproj", "{8DEF4186-D158-4F1D-ACF4-69968C35BEF8}"
EndProject
Project("{8BC9CEB8-8B4A-11D0-8D11-00A0C91BC942}") = "Practice2", "Practice2\Practice2.vcxproj", "{1BAD9FBC-97AB-48F5-9C9B-A5E664F182DA}"
EndProject
Project("{8BC9CEB8-8B4A-11D0-8D11-00A0C91BC942}") = "Practice3", "Practice3\Practice3.vcxproj", "{63C0EB49-BD4C-4D6A-AC9B-0FB4BBA10EEC}"
EndProject
Project("{8BC9CEB8-8B4A-11D0-8D11-00A0C91BC942}") = "Practice4", "Practice4\Practice4.vcxproj", "{9043C1D6-619B-4A63-9E7A-ACC2E0213B7C}"
EndProject
Project("{8BC9CEB8-8B4A-11D0-8D11-00A0C91BC942}") = "Practice5", "Practice5\Practice5.vcxproj", "{37B97007-91C9-427B-ACFD-D05A19917760}"
EndProject
Project("{8BC9CEB8-8B4A-11D0-8D11-00A0C91BC942}") = "Practice6", "Practice6\Practice6.vcxproj", "{859A03D0-3331-4D34-9BBB-ADC121A8A90B}"
EndProject
Project("{8BC9CEB8-8B4A-11D0-8D11-00A0C91BC942}") = "Practice7", "Practice7\Practice7.vcxproj", "{53AEB697-7A62-43D8-A652-A46EFA8857A3}"
EndProject
Project("{8BC9CEB8-8B4A-11D0-8D11-00A0C91BC942}") = "Practice8", "Practice8\Practice8.vcxproj", "{A3C9EBA0-23B2-438C-96D7-2706FC158853}"
EndProject
Project("{8BC9CEB8-8B4A-11D0-8D11-00A0C91BC942}") = "Practice9", "Practice9\Practice9.vcxproj", "{AC1B368B-400F-4D4B-8E1B-F4A834F908FA}"
EndProject
Project("{8BC9CEB8-8B4A-11D0-8D11-00A0C91BC942}") = "Practice10", "Practice10\Practice10.vcxproj", "{A241BC6D-B1A5-4865-9AAA-C90C2CC48B51}"
EndProject
Global
	GlobalSection(SolutionConfigurationPlatforms) = preSolution
		Debug|x64 = Debug|x64
		Debug|x86 = Debug|x86
		Release|x64 = Release|x64
		Release|x86 = Release|x86
	EndGlobalSection
	GlobalSection(ProjectConfigurationPlatforms) = postSolution
		{644EA842-3496-468B-A907-20D0301EE5A4}.Debug|x64.ActiveCfg = Debug|x64
		{644EA842-3496-468B-A907-20D0301EE5A4}.Debug|x64.Build.0 = Debug|x64
		{644EA842-3496-468B-A907-20D0301EE5A4}.Debug|x86.ActiveCfg = Debug|Win32
		{644EA842-3496-468B-A907-20D0301EE5A4}.Debug|x86.Build.0 = Debug|Win32
		{644EA842-3496-468B-A907-20D0301EE5A4}.Release|x64.ActiveCfg = Release|x64
		{644EA842-3496-468B-A907-20D0301EE5A4}.Release|x64.Build.0 = Release|x64
		{644EA842-3496-468B-A907-20D0301EE5A4}.Release|x86.ActiveCfg = Release|Win32
		{644EA842-3496-468B-A907-20D0301EE5A4}.Release|x86.Build.0 = Release|Win32
		{8DEF4186-D158-4F1D-ACF4-69968C35BEF8}.Debug|x64.ActiveCfg = Debug|x64
		{8DEF4186-D158-4F1D-ACF4-69968C35BEF8}.Debug|x64.Build.0 = Debug|x64
		{8DEF4186-D158-4F1D-ACF4-69968C35BEF8}.Debug|x86.ActiveCfg = Debug|Win32
		{8DEF4186-D158-4F1D-ACF4-69968C35BEF8}.Debug|x86.Build.0 = Debug|Win32
		{8DEF4186-D158-4F1D-ACF4-69968C35BEF8}.Release|x64.ActiveCfg = Release|x64
		{8DEF4186-D158-4F1D-ACF4-69968C35BEF8}.Release|x64.Build.0 = Release|x64
		{8DEF4186-D158-4F1D-ACF4-69968C35BEF8}.Release|x86.ActiveCfg = Release|Win32
		{8DEF4186-D158-4F1D-ACF4-69968C35BEF8}.Release|x86.Build.0 = Release|Win32
		{1BAD9FBC-97AB-48F5-9C9B-A5E664F182DA}.Debug|x64.ActiveCfg = Debug|x64
		{1BAD9FBC-97AB-48F5-9C9B-A5E664F182DA}.Debug|x64.Build.0 = Debug|x64
		{1BAD9FBC-97AB-48F5-9C9B-A5E664F182DA}.Debug|x86.ActiveCfg = Debug|Win32
		{1BAD9FBC-97AB-48F5-9C9B-A5E664F182DA}.Debug|x86.Build.0 = Debug|Win32
		{1BAD9FBC-97AB-48F5-9C9B-A5E664F182DA}.Release|x64.ActiveCfg = Release|x64
		{1BAD9FBC-97AB-48F5-9C9B-A5E664F182DA}.Release|x64.Build.0 = Release|x64
		{1BAD9FBC-97AB-48F5-9C9B-A5E664F182DA}.Release|x86.ActiveCfg = Release|Win32
		{1BAD9FBC-97AB-48F5-9C9B-A5E664F182DA}.Release|x86.Build.0 = Release|Win32
		{63C0EB49-BD4C-4D6A-AC9B-0FB4BBA10EEC}.Debug|x64.ActiveCfg = Debug|x64
		{63C0EB49-BD4C-4D6A-AC9B-0FB4BBA10EEC}.Debug|x64.Build.0 = Debug|x64
		{63C0EB49-BD4C-4D6A-AC9B-0FB4BBA10EEC}.Debug|x86.ActiveCfg = Debug|Win32
		{63C0EB49-BD4C-4D6A-AC9B-0FB4BBA10EEC}.Debug|x86.Build.0 = Debug|Win32
		{63C0EB49-BD4C-4D6A-AC9B-0FB4BBA10EEC}.Release|x64.ActiveCfg = Release|x64
		{63C0EB49-BD4C-4D6A-AC9B-0FB4BBA10EEC}.Release|x64.Build.0 = Release|x64
		{63C0EB49-BD4C-4D6A-AC9B-0FB4BBA10EEC}.Release|x86.ActiveCfg = Release|Win32
		{63C0EB49-BD4C-4D6A-AC9B-0FB4BBA10EEC}.Release|x86.Build.0 = Release|Win32
		{9043C1D6-619B-4A63-9E7A-ACC2E0213B7C}.Debug|x64.ActiveCfg = Debug|x64
		{9043C1D6-619B-4A63-9E7A-ACC2E0213B7C}.Debug|x64.Build.0 = Debug|x64
		{9043C1D6-619B-4A63-9E7A-ACC2E0213B7C}.Debug|x86.ActiveCfg = Debug|Win32
		{9043C1D6-619B-4A63-9E7A-ACC2E0213B7C}.Debug|x86.Build.0 = Debug|Win32
		{9043C1D6-619B-4A63-9E7A-ACC2E0213B7C}.Release|x64.ActiveCfg = Release|x64
		{9043C1D6-619B-4A63-9E7A-ACC2E0213B7C}.Release|x64.Build.0 = Release|x64
		{9043C1D6-619B-4A63-9E7A-ACC2E0213B7C}.Release|x86.ActiveCfg = Release|Win32
		{9043C1D6-619B-4A63-9E7A-ACC2E0213B7C}.Release|x86.Build.0 = Release|Win32
		{37B97007-91C9-427B-ACFD-D05A19917760}.Debug|x64.ActiveCfg = Debug|x64
		{37B97007-91C9-427B-ACFD-D05A19917760}.Debug|x64.Build.0 = Debug|x64
		{37B97007-91C9-427B-ACFD-D05A19917760}.Debug|x86.ActiveCfg = Debug|Win32
		{37B97007-91C9-427B-ACFD-D05A19917760}.Debug|x86.Build.0 = Debug|Win32
		{37B97007-91C9-427B-ACFD-D05A19917760}.Release|x64.ActiveCfg = Release|x64
		{37B97007-91C9-427B-ACFD-D05A19917760}.Release|x64.Build.0 = Release|x64
		{37B97007-91C9-427B-ACFD-D05A19917760}.Release|x86.ActiveCfg = Release|Win32
		{37B97007-91C9-427B-ACFD-D05A19917760}.Release|x86.Build.0 = Release|Win32
		{859A03D0-3331-4D34-9BBB-ADC121A8A90B}.Debug|x64.ActiveCfg = Debug|x64
		{859A03D0-3331-4D34-9BBB-ADC121A8A90B}.Debug|x64.Build.0 = Debug|x64
		{859A03D0-3331-4D34-9BBB-ADC121A8A90B}.Debug|x86.ActiveCfg = Debug|Win32
		{859A03D0-3331-4D34-9BBB-ADC121A8A90B}.Debug|x86.Build.0 = Debug|Win32
		{859A03D0-3331-4D34-9BBB-ADC121A8A90B}.Release|x64.ActiveCfg = Release|x64
		{859A03D0-3331-4D34-9BBB-ADC121A8A90B}.Release|x64.Build.0 = Release|x64
		{859A03D0-3331-4D34-9BBB-ADC121A8A90B}.Release|x86.ActiveCfg = Release|Win32
		{859A03D0-3331-4D34-9BBB-ADC121A8A90B}.Release|x86.Build.0 = Release|Win32
		{53AEB697-7A62-43D8-A652-A46EFA8857A3}.Debug|x64.ActiveCfg = Debug|x64
		{53AEB697-7A62-43D8-A652-A46EFA8857A3}.Debug|x64.Build.0 = Debug|x64
		{53AEB697-7A62-43D8-A652-A46EFA8857A3}.Debug|x86.ActiveCfg = Debug|Win32
		{53AEB697-7A62-43D8-A652-A46EFA8857A3}.Debug|x86.Build.0 = Debug|Win32
		{53AEB697-7A62-43D8-A652-A46EFA8857A3}.Release|x64.ActiveCfg = Release|x64
		{53AEB697-7A62-43D8-A652-A46EFA8857A3}.Release|x64.Build.0 = Release|x64
		{53AEB697-7A62-43D8-A652-A46EFA8857A3}.Release|x86.ActiveCfg = Release|Win32
		{53AEB697-7A62-43D8-A652-A46EFA8857A3}.Release|x86.Build.0 = Release|Win32
		{A3C9EBA0-23B2-438C-96D7-2706FC158853}.Debug|x64.ActiveCfg = Debug|x64
		{A3C9EBA0-23B2-438C-96D7-2706FC158853}.Debug|x64.Build.0 = Debug|x64
		{A3C9EBA0-23B2-438C-96D7-2706FC158853}.Debug|x86.ActiveCfg = Debug|Win32
		{A3C9EBA0-23B2-438C-96D7-2706FC158853}.Debug|x86.Build.0 = Debug|Win32
		{A3C9EBA0-23B2-438C-96D7-2706FC158853}.Release|x64.ActiveCfg = Release|x64
		{A3C9EBA0-23B2-438C-96D7-2706FC158853}.Release|x64.Build.0 = Release|x64
		{A3C9EBA0-23B2-438C-96D7-2706FC158853}.Release|x86.ActiveCfg = Release|Win32
		{A3C9EBA0-23B2-438C-96D7-2706FC158853}.Release|x86.Build.0 = Release|Win32
		{AC1B368B-400F-4D4B-8E1B-F4A834F908FA}.Debug|x64.ActiveCfg = Debug|x64
		{AC1B368B-400F-4D4B-8E1B-F4A834F908FA}.Debug|x64.Build.0 = Debug|x64
		{AC1B368B-400F-4D4B-8E1B-F4A834F908FA}.Debug|x86.ActiveCfg = Debug|Win32
		{AC1B368B-400F-4D4B-8E1B-F4A834F908FA}.Debug|x86.Build.0 = Debug|Win32
		{AC1B368B-400F-4D4B-8E1B-F4A834F908FA}.Release|x64.ActiveCfg = Release|x64
		{AC1B368B-400F-4D4B-8E1B-F4A834F908FA}.Release|x64.Build.0 = Release|x64
		{AC1B368B-400F-4D4B-8E1B-F4A834F908FA}.Release|x86.ActiveCfg = Release|Win32
		{AC1B368B-400F-4D4B-8E1B-F4A834F908FA}.Release|x86.Build.0 = Release|Win32
		{A241BC6D-B1A5-4865-9AAA-C90C2CC48B51}.Debug|x64.ActiveCfg = Debug|x64
		{A241BC6D-B1A5-4865-9AAA-C90C2CC48B51}.Debug|x64.Build.0 = Debug|x64
		{A241BC6D-B1A5-4865-9AAA-C90C2CC48B51}.Debug|x86.ActiveCfg = Debug|Win32
		{A241BC6D-B1A5-4865-9AAA-C90C2CC48B51}.Debug|x86.Build.0 = Debug|Win32
		{A241BC6D-B1A5-4865-9AAA-C90C2CC48B51}.Release|x64.ActiveCfg = Release|x64
		{A241BC6D-B1A5-4865-9AAA-C90C2CC48B51}.Release|x64.Build.0 = Release|x64
		{A241BC6D-B1A5-4865-9AAA-C90C2CC48B51}.Release|x86.ActiveCfg = Release|Win32
		{A241BC6D-B1A5-4865-9AAA-C90C2CC48B51}.Release|x86.Build.0 = Release|Win32
	EndGlobalSection
	GlobalSection(SolutionProperties) = preSolution
		HideSolutionNode = FALSE
	EndGlobalSection
	GlobalSection(ExtensibilityGlobals) = postSolution
		SolutionGuid = {99A48021-2D4A-4B39-9429-D3305A73E9D1}
	EndGlobalSection
EndGlobal
